
Microsoft Visual Studio Solution File, Format Version 12.00
# Visual Studio Version 17
VisualStudioVersion = 17.4.33110.190
MinimumVisualStudioVersion = 10.0.40219.1
Project("{FAE04EC0-301F-11D3-BF4B-00C04F79EFBC}") = "GBKingdom", "GBKingdom.csproj", "{504E7E7A-066A-43C2-A491-2AF7FAE3FCBE}"
EndProject
Global
	GlobalSection(SolutionConfigurationPlatforms) = preSolution
		Debug|Any CPU = Debug|Any CPU
		Release|Any CPU = Release|Any CPU
	EndGlobalSection
	GlobalSection(ProjectConfigurationPlatforms) = postSolution
		{504E7E7A-066A-43C2-A491-2AF7FAE3FCBE}.Debug|Any CPU.ActiveCfg = Debug|Any CPU
		{504E7E7A-066A-43C2-A491-2AF7FAE3FCBE}.Debug|Any CPU.Build.0 = Debug|Any CPU
		{504E7E7A-066A-43C2-A491-2AF7FAE3FCBE}.Release|Any CPU.ActiveCfg = Release|Any CPU
		{504E7E7A-066A-43C2-A491-2AF7FAE3FCBE}.Release|Any CPU.Build.0 = Release|Any CPU
	EndGlobalSection
	GlobalSection(SolutionProperties) = preSolution
		HideSolutionNode = FALSE
	EndGlobalSection
	GlobalSection(ExtensibilityGlobals) = postSolution
		SolutionGuid = {5B40DF5F-031F-4E4A-98AA-A47B50973E75}
	EndGlobalSection
EndGlobal
